// !$*UTF8*$!
{
	archiveVersion = 1;
	classes = {
	};
	objectVersion = 56;
	objects = {

/* Begin PBXBuildFile section */
		427284292906A4B400A4FECF /* AppDelegate.swift in Sources */ = {isa = PBXBuildFile; fileRef = 427284282906A4B400A4FECF /* AppDelegate.swift */; };
		4272842B2906A4B400A4FECF /* SceneDelegate.swift in Sources */ = {isa = PBXBuildFile; fileRef = 4272842A2906A4B400A4FECF /* SceneDelegate.swift */; };
		4272842D2906A4B400A4FECF /* ViewController.swift in Sources */ = {isa = PBXBuildFile; fileRef = 4272842C2906A4B400A4FECF /* ViewController.swift */; };
		427284302906A4B400A4FECF /* Main.storyboard in Resources */ = {isa = PBXBuildFile; fileRef = 4272842E2906A4B400A4FECF /* Main.storyboard */; };
		427284322906A4B500A4FECF /* Assets.xcassets in Resources */ = {isa = PBXBuildFile; fileRef = 427284312906A4B500A4FECF /* Assets.xcassets */; };
		427284352906A4B500A4FECF /* LaunchScreen.storyboard in Resources */ = {isa = PBXBuildFile; fileRef = 427284332906A4B500A4FECF /* LaunchScreen.storyboard */; };
		4272843D2906A96700A4FECF /* CustomTextFieldView.swift in Sources */ = {isa = PBXBuildFile; fileRef = 4272843C2906A96700A4FECF /* CustomTextFieldView.swift */; };
		4272843F2906AADB00A4FECF /* Human.swift in Sources */ = {isa = PBXBuildFile; fileRef = 4272843E2906AADB00A4FECF /* Human.swift */; };
		427284452906D1BA00A4FECF /* ChildTableViewCell.swift in Sources */ = {isa = PBXBuildFile; fileRef = 427284442906D1BA00A4FECF /* ChildTableViewCell.swift */; };
/* End PBXBuildFile section */

/* Begin PBXFileReference section */
		427284252906A4B400A4FECF /* alefTest.app */ = {isa = PBXFileReference; explicitFileType = wrapper.application; includeInIndex = 0; path = alefTest.app; sourceTree = BUILT_PRODUCTS_DIR; };
		427284282906A4B400A4FECF /* AppDelegate.swift */ = {isa = PBXFileReference; lastKnownFileType = sourcecode.swift; path = AppDelegate.swift; sourceTree = "<group>"; };
		4272842A2906A4B400A4FECF /* SceneDelegate.swift */ = {isa = PBXFileReference; lastKnownFileType = sourcecode.swift; path = SceneDelegate.swift; sourceTree = "<group>"; };
		4272842C2906A4B400A4FECF /* ViewController.swift */ = {isa = PBXFileReference; lastKnownFileType = sourcecode.swift; path = ViewController.swift; sourceTree = "<group>"; };
		4272842F2906A4B400A4FECF /* Base */ = {isa = PBXFileReference; lastKnownFileType = file.storyboard; name = Base; path = Base.lproj/Main.storyboard; sourceTree = "<group>"; };
		427284312906A4B500A4FECF /* Assets.xcassets */ = {isa = PBXFileReference; lastKnownFileType = folder.assetcatalog; path = Assets.xcassets; sourceTree = "<group>"; };
		427284342906A4B500A4FECF /* Base */ = {isa = PBXFileReference; lastKnownFileType = file.storyboard; name = Base; path = Base.lproj/LaunchScreen.storyboard; sourceTree = "<group>"; };
		427284362906A4B500A4FECF /* Info.plist */ = {isa = PBXFileReference; lastKnownFileType = text.plist.xml; path = Info.plist; sourceTree = "<group>"; };
		4272843C2906A96700A4FECF /* CustomTextFieldView.swift */ = {isa = PBXFileReference; lastKnownFileType = sourcecode.swift; path = CustomTextFieldView.swift; sourceTree = "<group>"; };
		4272843E2906AADB00A4FECF /* Human.swift */ = {isa = PBXFileReference; lastKnownFileType = sourcecode.swift; path = Human.swift; sourceTree = "<group>"; };
		427284442906D1BA00A4FECF /* ChildTableViewCell.swift */ = {isa = PBXFileReference; lastKnownFileType = sourcecode.swift; path = ChildTableViewCell.swift; sourceTree = "<group>"; };
/* End PBXFileReference section */

/* Begin PBXFrameworksBuildPhase section */
		427284222906A4B400A4FECF /* Frameworks */ = {
			isa = PBXFrameworksBuildPhase;
			buildActionMask = 2147483647;
			files = (
			);
			runOnlyForDeploymentPostprocessing = 0;
		};
/* End PBXFrameworksBuildPhase section */

/* Begin PBXGroup section */
		4272841C2906A4B400A4FECF = {
			isa = PBXGroup;
			children = (
				427284272906A4B400A4FECF /* alefTest */,
				427284262906A4B400A4FECF /* Products */,
			);
			sourceTree = "<group>";
		};
		427284262906A4B400A4FECF /* Products */ = {
			isa = PBXGroup;
			children = (
				427284252906A4B400A4FECF /* alefTest.app */,
			);
			name = Products;
			sourceTree = "<group>";
		};
		427284272906A4B400A4FECF /* alefTest */ = {
			isa = PBXGroup;
			children = (
				427284432906CDEE00A4FECF /* Delegates */,
				427284402906AB3900A4FECF /* Model */,
				427284422906AC0B00A4FECF /* Controller */,
				427284412906AC0100A4FECF /* View */,
				4272842E2906A4B400A4FECF /* Main.storyboard */,
				427284332906A4B500A4FECF /* LaunchScreen.storyboard */,
				427284312906A4B500A4FECF /* Assets.xcassets */,
				427284362906A4B500A4FECF /* Info.plist */,
			);
			path = alefTest;
			sourceTree = "<group>";
		};
		427284402906AB3900A4FECF /* Model */ = {
			isa = PBXGroup;
			children = (
				4272843E2906AADB00A4FECF /* Human.swift */,
			);
			path = Model;
			sourceTree = "<group>";
		};
		427284412906AC0100A4FECF /* View */ = {
			isa = PBXGroup;
			children = (
				427284442906D1BA00A4FECF /* ChildTableViewCell.swift */,
				4272843C2906A96700A4FECF /* CustomTextFieldView.swift */,
			);
			path = View;
			sourceTree = "<group>";
		};
		427284422906AC0B00A4FECF /* Controller */ = {
			isa = PBXGroup;
			children = (
				4272842C2906A4B400A4FECF /* ViewController.swift */,
			);
			path = Controller;
			sourceTree = "<group>";
		};
		427284432906CDEE00A4FECF /* Delegates */ = {
			isa = PBXGroup;
			children = (
				427284282906A4B400A4FECF /* AppDelegate.swift */,
				4272842A2906A4B400A4FECF /* SceneDelegate.swift */,
			);
			path = Delegates;
			sourceTree = "<group>";
		};
/* End PBXGroup section */

/* Begin PBXNativeTarget section */
		427284242906A4B400A4FECF /* alefTest */ = {
			isa = PBXNativeTarget;
			buildConfigurationList = 427284392906A4B500A4FECF /* Build configuration list for PBXNativeTarget "alefTest" */;
			buildPhases = (
				427284212906A4B400A4FECF /* Sources */,
				427284222906A4B400A4FECF /* Frameworks */,
				427284232906A4B400A4FECF /* Resources */,
			);
			buildRules = (
			);
			dependencies = (
			);
			name = alefTest;
			productName = alefTest;
			productReference = 427284252906A4B400A4FECF /* alefTest.app */;
			productType = "com.apple.product-type.application";
		};
/* End PBXNativeTarget section */

/* Begin PBXProject section */
		4272841D2906A4B400A4FECF /* Project object */ = {
			isa = PBXProject;
			attributes = {
				BuildIndependentTargetsInParallel = 1;
				LastSwiftUpdateCheck = 1400;
				LastUpgradeCheck = 1400;
				TargetAttributes = {
					427284242906A4B400A4FECF = {
						CreatedOnToolsVersion = 14.0;
					};
				};
			};
			buildConfigurationList = 427284202906A4B400A4FECF /* Build configuration list for PBXProject "alefTest" */;
			compatibilityVersion = "Xcode 14.0";
			developmentRegion = en;
			hasScannedForEncodings = 0;
			knownRegions = (
				en,
				Base,
			);
			mainGroup = 4272841C2906A4B400A4FECF;
			productRefGroup = 427284262906A4B400A4FECF /* Products */;
			projectDirPath = "";
			projectRoot = "";
			targets = (
				427284242906A4B400A4FECF /* alefTest */,
			);
		};
/* End PBXProject section */

/* Begin PBXResourcesBuildPhase section */
		427284232906A4B400A4FECF /* Resources */ = {
			isa = PBXResourcesBuildPhase;
			buildActionMask = 2147483647;
			files = (
				427284352906A4B500A4FECF /* LaunchScreen.storyboard in Resources */,
				427284322906A4B500A4FECF /* Assets.xcassets in Resources */,
				427284302906A4B400A4FECF /* Main.storyboard in Resources */,
			);
			runOnlyForDeploymentPostprocessing = 0;
		};
/* End PBXResourcesBuildPhase section */

/* Begin PBXSourcesBuildPhase section */
		427284212906A4B400A4FECF /* Sources */ = {
			isa = PBXSourcesBuildPhase;
			buildActionMask = 2147483647;
			files = (
				4272842D2906A4B400A4FECF /* ViewController.swift in Sources */,
				427284292906A4B400A4FECF /* AppDelegate.swift in Sources */,
				4272843F2906AADB00A4FECF /* Human.swift in Sources */,
				4272842B2906A4B400A4FECF /* SceneDelegate.swift in Sources */,
				427284452906D1BA00A4FECF /* ChildTableViewCell.swift in Sources */,
				4272843D2906A96700A4FECF /* CustomTextFieldView.swift in Sources */,
			);
			runOnlyForDeploymentPostprocessing = 0;
		};
/* End PBXSourcesBuildPhase section */

/* Begin PBXVariantGroup section */
		4272842E2906A4B400A4FECF /* Main.storyboard */ = {
			isa = PBXVariantGroup;
			children = (
				4272842F2906A4B400A4FECF /* Base */,
			);
			name = Main.storyboard;
			sourceTree = "<group>";
		};
		427284332906A4B500A4FECF /* LaunchScreen.storyboard */ = {
			isa = PBXVariantGroup;
			children = (
				427284342906A4B500A4FECF /* Base */,
			);
			name = LaunchScreen.storyboard;
			sourceTree = "<group>";
		};
/* End PBXVariantGroup section */

/* Begin XCBuildConfiguration section */
		427284372906A4B500A4FECF /* Debug */ = {
			isa = XCBuildConfiguration;
			buildSettings = {
				ALWAYS_SEARCH_USER_PATHS = NO;
				CLANG_ANALYZER_NONNULL = YES;
				CLANG_ANALYZER_NUMBER_OBJECT_CONVERSION = YES_AGGRESSIVE;
				CLANG_CXX_LANGUAGE_STANDARD = "gnu++20";
				CLANG_ENABLE_MODULES = YES;
				CLANG_ENABLE_OBJC_ARC = YES;
				CLANG_ENABLE_OBJC_WEAK = YES;
				CLANG_WARN_BLOCK_CAPTURE_AUTORELEASING = YES;
				CLANG_WARN_BOOL_CONVERSION = YES;
				CLANG_WARN_COMMA = YES;
				CLANG_WARN_CONSTANT_CONVERSION = YES;
				CLANG_WARN_DEPRECATED_OBJC_IMPLEMENTATIONS = YES;
				CLANG_WARN_DIRECT_OBJC_ISA_USAGE = YES_ERROR;
				CLANG_WARN_DOCUMENTATION_COMMENTS = YES;
				CLANG_WARN_EMPTY_BODY = YES;
				CLANG_WARN_ENUM_CONVERSION = YES;
				CLANG_WARN_INFINITE_RECURSION = YES;
				CLANG_WARN_INT_CONVERSION = YES;
				CLANG_WARN_NON_LITERAL_NULL_CONVERSION = YES;
				CLANG_WARN_OBJC_IMPLICIT_RETAIN_SELF = YES;
				CLANG_WARN_OBJC_LITERAL_CONVERSION = YES;
				CLANG_WARN_OBJC_ROOT_CLASS = YES_ERROR;
				CLANG_WARN_QUOTED_INCLUDE_IN_FRAMEWORK_HEADER = YES;
				CLANG_WARN_RANGE_LOOP_ANALYSIS = YES;
				CLANG_WARN_STRICT_PROTOTYPES = YES;
				CLANG_WARN_SUSPICIOUS_MOVE = YES;
				CLANG_WARN_UNGUARDED_AVAILABILITY = YES_AGGRESSIVE;
				CLANG_WARN_UNREACHABLE_CODE = YES;
				CLANG_WARN__DUPLICATE_METHOD_MATCH = YES;
				COPY_PHASE_STRIP = NO;
				DEBUG_INFORMATION_FORMAT = dwarf;
				ENABLE_STRICT_OBJC_MSGSEND = YES;
				ENABLE_TESTABILITY = YES;
				GCC_C_LANGUAGE_STANDARD = gnu11;
				GCC_DYNAMIC_NO_PIC = NO;
				GCC_NO_COMMON_BLOCKS = YES;
				GCC_OPTIMIZATION_LEVEL = 0;
				GCC_PREPROCESSOR_DEFINITIONS = (
					"DEBUG=1",
					"$(inherited)",
				);
				GCC_WARN_64_TO_32_BIT_CONVERSION = YES;
				GCC_WARN_ABOUT_RETURN_TYPE = YES_ERROR;
				GCC_WARN_UNDECLARED_SELECTOR = YES;
				GCC_WARN_UNINITIALIZED_AUTOS = YES_AGGRESSIVE;
				GCC_WARN_UNUSED_FUNCTION = YES;
				GCC_WARN_UNUSED_VARIABLE = YES;
				IPHONEOS_DEPLOYMENT_TARGET = 16.0;
				MTL_ENABLE_DEBUG_INFO = INCLUDE_SOURCE;
				MTL_FAST_MATH = YES;
				ONLY_ACTIVE_ARCH = YES;
				SDKROOT = iphoneos;
				SWIFT_ACTIVE_COMPILATION_CONDITIONS = DEBUG;
				SWIFT_OPTIMIZATION_LEVEL = "-Onone";
			};
			name = Debug;
		};
		427284382906A4B500A4FECF /* Release */ = {
			isa = XCBuildConfiguration;
			buildSettings = {
				ALWAYS_SEARCH_USER_PATHS = NO;
				CLANG_ANALYZER_NONNULL = YES;
				CLANG_ANALYZER_NUMBER_OBJECT_CONVERSION = YES_AGGRESSIVE;
				CLANG_CXX_LANGUAGE_STANDARD = "gnu++20";
				CLANG_ENABLE_MODULES = YES;
				CLANG_ENABLE_OBJC_ARC = YES;
				CLANG_ENABLE_OBJC_WEAK = YES;
				CLANG_WARN_BLOCK_CAPTURE_AUTORELEASING = YES;
				CLANG_WARN_BOOL_CONVERSION = YES;
				CLANG_WARN_COMMA = YES;
				CLANG_WARN_CONSTANT_CONVERSION = YES;
				CLANG_WARN_DEPRECATED_OBJC_IMPLEMENTATIONS = YES;
				CLANG_WARN_DIRECT_OBJC_ISA_USAGE = YES_ERROR;
				CLANG_WARN_DOCUMENTATION_COMMENTS = YES;
				CLANG_WARN_EMPTY_BODY = YES;
				CLANG_WARN_ENUM_CONVERSION = YES;
				CLANG_WARN_INFINITE_RECURSION = YES;
				CLANG_WARN_INT_CONVERSION = YES;
				CLANG_WARN_NON_LITERAL_NULL_CONVERSION = YES;
				CLANG_WARN_OBJC_IMPLICIT_RETAIN_SELF = YES;
				CLANG_WARN_OBJC_LITERAL_CONVERSION = YES;
				CLANG_WARN_OBJC_ROOT_CLASS = YES_ERROR;
				CLANG_WARN_QUOTED_INCLUDE_IN_FRAMEWORK_HEADER = YES;
				CLANG_WARN_RANGE_LOOP_ANALYSIS = YES;
				CLANG_WARN_STRICT_PROTOTYPES = YES;
				CLANG_WARN_SUSPICIOUS_MOVE = YES;
				CLANG_WARN_UNGUARDED_AVAILABILITY = YES_AGGRESSIVE;
				CLANG_WARN_UNREACHABLE_CODE = YES;
				CLANG_WARN__DUPLICATE_METHOD_MATCH = YES;
				COPY_PHASE_STRIP = NO;
				DEBUG_INFORMATION_FORMAT = "dwarf-with-dsym";
				ENABLE_NS_ASSERTIONS = NO;
				ENABLE_STRICT_OBJC_MSGSEND = YES;
				GCC_C_LANGUAGE_STANDARD = gnu11;
				GCC_NO_COMMON_BLOCKS = YES;
				GCC_WARN_64_TO_32_BIT_CONVERSION = YES;
				GCC_WARN_ABOUT_RETURN_TYPE = YES_ERROR;
				GCC_WARN_UNDECLARED_SELECTOR = YES;
				GCC_WARN_UNINITIALIZED_AUTOS = YES_AGGRESSIVE;
				GCC_WARN_UNUSED_FUNCTION = YES;
				GCC_WARN_UNUSED_VARIABLE = YES;
				IPHONEOS_DEPLOYMENT_TARGET = 16.0;
				MTL_ENABLE_DEBUG_INFO = NO;
				MTL_FAST_MATH = YES;
				SDKROOT = iphoneos;
				SWIFT_COMPILATION_MODE = wholemodule;
				SWIFT_OPTIMIZATION_LEVEL = "-O";
				VALIDATE_PRODUCT = YES;
			};
			name = Release;
		};
		4272843A2906A4B500A4FECF /* Debug */ = {
			isa = XCBuildConfiguration;
			buildSettings = {
				ASSETCATALOG_COMPILER_APPICON_NAME = AppIcon;
				ASSETCATALOG_COMPILER_GLOBAL_ACCENT_COLOR_NAME = AccentColor;
				CODE_SIGN_STYLE = Automatic;
				CURRENT_PROJECT_VERSION = 1;
				DEVELOPMENT_TEAM = MPT7MF7F47;
				GENERATE_INFOPLIST_FILE = YES;
				INFOPLIST_FILE = alefTest/Info.plist;
				INFOPLIST_KEY_UIApplicationSupportsIndirectInputEvents = YES;
				INFOPLIST_KEY_UILaunchStoryboardName = LaunchScreen;
				INFOPLIST_KEY_UIMainStoryboardFile = Main;
				INFOPLIST_KEY_UISupportedInterfaceOrientations_iPad = "UIInterfaceOrientationPortrait UIInterfaceOrientationPortraitUpsideDown UIInterfaceOrientationLandscapeLeft UIInterfaceOrientationLandscapeRight";
				INFOPLIST_KEY_UISupportedInterfaceOrientations_iPhone = "UIInterfaceOrientationPortrait UIInterfaceOrientationLandscapeLeft UIInterfaceOrientationLandscapeRight";
				IPHONEOS_DEPLOYMENT_TARGET = 14.7;
				LD_RUNPATH_SEARCH_PATHS = (
					"$(inherited)",
					"@executable_path/Frameworks",
				);
				MARKETING_VERSION = 1.0;
				PRODUCT_BUNDLE_IDENTIFIER = com.nikitaAnanev.alefTest;
				PRODUCT_NAME = "$(TARGET_NAME)";
				SWIFT_EMIT_LOC_STRINGS = YES;
				SWIFT_VERSION = 5.0;
				TARGETED_DEVICE_FAMILY = "1,2";
			};
			name = Debug;
		};
		4272843B2906A4B500A4FECF /* Release */ = {
			isa = XCBuildConfiguration;
			buildSettings = {
				ASSETCATALOG_COMPILER_APPICON_NAME = AppIcon;
				ASSETCATALOG_COMPILER_GLOBAL_ACCENT_COLOR_NAME = AccentColor;
				CODE_SIGN_STYLE = Automatic;
				CURRENT_PROJECT_VERSION = 1;
				DEVELOPMENT_TEAM = MPT7MF7F47;
				GENERATE_INFOPLIST_FILE = YES;
				INFOPLIST_FILE = alefTest/Info.plist;
				INFOPLIST_KEY_UIApplicationSupportsIndirectInputEvents = YES;
				INFOPLIST_KEY_UILaunchStoryboardName = LaunchScreen;
				INFOPLIST_KEY_UIMainStoryboardFile = Main;
				INFOPLIST_KEY_UISupportedInterfaceOrientations_iPad = "UIInterfaceOrientationPortrait UIInterfaceOrientationPortraitUpsideDown UIInterfaceOrientationLandscapeLeft UIInterfaceOrientationLandscapeRight";
				INFOPLIST_KEY_UISupportedInterfaceOrientations_iPhone = "UIInterfaceOrientationPortrait UIInterfaceOrientationLandscapeLeft UIInterfaceOrientationLandscapeRight";
				IPHONEOS_DEPLOYMENT_TARGET = 14.7;
				LD_RUNPATH_SEARCH_PATHS = (
					"$(inherited)",
					"@executable_path/Frameworks",
				);
				MARKETING_VERSION = 1.0;
				PRODUCT_BUNDLE_IDENTIFIER = com.nikitaAnanev.alefTest;
				PRODUCT_NAME = "$(TARGET_NAME)";
				SWIFT_EMIT_LOC_STRINGS = YES;
				SWIFT_VERSION = 5.0;
				TARGETED_DEVICE_FAMILY = "1,2";
			};
			name = Release;
		};
/* End XCBuildConfiguration section */

/* Begin XCConfigurationList section */
		427284202906A4B400A4FECF /* Build configuration list for PBXProject "alefTest" */ = {
			isa = XCConfigurationList;
			buildConfigurations = (
				427284372906A4B500A4FECF /* Debug */,
				427284382906A4B500A4FECF /* Release */,
			);
			defaultConfigurationIsVisible = 0;
			defaultConfigurationName = Release;
		};
		427284392906A4B500A4FECF /* Build configuration list for PBXNativeTarget "alefTest" */ = {
			isa = XCConfigurationList;
			buildConfigurations = (
				4272843A2906A4B500A4FECF /* Debug */,
				4272843B2906A4B500A4FECF /* Release */,
			);
			defaultConfigurationIsVisible = 0;
			defaultConfigurationName = Release;
		};
/* End XCConfigurationList section */
	};
	rootObject = 4272841D2906A4B400A4FECF /* Project object */;
}
